{
  "name": "@slimplate/holder",
  "version": "0.0.19",
  "lockfileVersion": 2,
  "requires": true,
  "packages": {
    "": {
      "name": "@slimplate/holder",
      "version": "0.0.19",
      "workspaces": [
        "packages/create-slimplate",
        "packages/slimplate"
      ]
    },
    "node_modules/chalk": {
      "version": "5.0.1",
      "resolved": "https://registry.npmjs.org/chalk/-/chalk-5.0.1.tgz",
      "integrity": "sha512-Fo07WOYGqMfCWHOzSXOt2CxDbC6skS/jO9ynEcmpANMoPrD+W1r1K6Vx7iNm+AQmETU1Xr2t+n8nzkV9t6xh3w==",
      "engines": {
        "node": "^12.17.0 || ^14.13 || >=16.0.0"
      },
      "funding": {
        "url": "https://github.com/chalk/chalk?sponsor=1"
      }
    },
    "node_modules/create-slimplate": {
      "resolved": "packages/create-slimplate",
      "link": true
    },
    "node_modules/slimplate": {
      "resolved": "packages/slimplate",
      "link": true
    },
    "packages/create-slimplate": {
      "version": "0.0.18",
      "license": "MIT",
      "dependencies": {
        "chalk": "^5.0.1"
      },
      "bin": {
        "slimplate": "create.mjs"
      }
    },
    "packages/slimplate": {
      "version": "0.0.18",
      "license": "MIT",
      "bin": {
        "slimplate": "warn.js"
      }
    }
  },
  "dependencies": {
    "chalk": {
      "version": "5.0.1",
      "resolved": "https://registry.npmjs.org/chalk/-/chalk-5.0.1.tgz",
      "integrity": "sha512-Fo07WOYGqMfCWHOzSXOt2CxDbC6skS/jO9ynEcmpANMoPrD+W1r1K6Vx7iNm+AQmETU1Xr2t+n8nzkV9t6xh3w=="
    },
    "create-slimplate": {
      "version": "file:packages/create-slimplate",
      "requires": {
        "chalk": "^5.0.1"
      }
    },
    "slimplate": {
      "version": "file:packages/slimplate"
    }
  }
}
